
Microsoft Visual Studio Solution File, Format Version 12.00
# Visual Studio Version 16
VisualStudioVersion = 16.0.33214.272
MinimumVisualStudioVersion = 10.0.40219.1
Project("{FAE04EC0-301F-11D3-BF4B-00C04F79EFBC}") = "prakt15_rep", "prakt15_rep.csproj", "{4EFB8876-C591-4A63-BD6A-F9E7D1079A5D}"
EndProject
Global
	GlobalSection(SolutionConfigurationPlatforms) = preSolution
		Debug|Any CPU = Debug|Any CPU
		Release|Any CPU = Release|Any CPU
	EndGlobalSection
	GlobalSection(ProjectConfigurationPlatforms) = postSolution
		{4EFB8876-C591-4A63-BD6A-F9E7D1079A5D}.Debug|Any CPU.ActiveCfg = Debug|Any CPU
		{4EFB8876-C591-4A63-BD6A-F9E7D1079A5D}.Debug|Any CPU.Build.0 = Debug|Any CPU
		{4EFB8876-C591-4A63-BD6A-F9E7D1079A5D}.Release|Any CPU.ActiveCfg = Release|Any CPU
		{4EFB8876-C591-4A63-BD6A-F9E7D1079A5D}.Release|Any CPU.Build.0 = Release|Any CPU
	EndGlobalSection
	GlobalSection(SolutionProperties) = preSolution
		HideSolutionNode = FALSE
	EndGlobalSection
	GlobalSection(ExtensibilityGlobals) = postSolution
		SolutionGuid = {26B4B497-D39F-4C92-AC2A-97CDC81334C7}
	EndGlobalSection
EndGlobal
